
Microsoft Visual Studio Solution File, Format Version 12.00
# Visual Studio Version 16
VisualStudioVersion = 16.0.30503.244
MinimumVisualStudioVersion = 10.0.40219.1
Project("{D954291E-2A0B-460D-934E-DC6B0785DB48}") = "Underwerld.UI", "Underwerld.UI\Underwerld.UI.shproj", "{79753749-EFE4-449F-8092-E7FC66C61E55}"
EndProject
Global
	GlobalSection(SharedMSBuildProjectFiles) = preSolution
		Underwerld.UI\Underwerld.UI.projitems*{79753749-efe4-449f-8092-e7fc66c61e55}*SharedItemsImports = 13
	EndGlobalSection
	GlobalSection(SolutionProperties) = preSolution
		HideSolutionNode = FALSE
	EndGlobalSection
	GlobalSection(ExtensibilityGlobals) = postSolution
		SolutionGuid = {680C0FD7-4B4C-4B13-A7AD-64EC3F70C08C}
	EndGlobalSection
EndGlobal
